asciitree==0.3.3 \
    --hash=sha256:4aa4b9b649f85e3fcb343363d97564aa1fb62e249677f2e18a96765145cc0f6e
    # via zarr
deprecated==3.0.0 \
    --hash=sha256:16850204d3a1e6bb0acd06bff48d96e8b0a0d25d1c52f71705405a0f4894192d \
    --hash=sha256:58204cf4a7f6270d547af5c278ee7a6bb56045a4b3d8441a1cd11660f41b7939
    # via numcodecs
fasteners==0.20 \
    --hash=sha256:55dce8792a41b56f727ba6e123fcaee77fd87e638a6863cec00007bfea84c8d8 \
    --hash=sha256:9422c40d1e350e4259f509fb2e608d6bc43c0136f79a00db1b49046029d0b3b7
    # via zarr
imagecodecs==2026.1.14 \
    --hash=sha256:13ec4659d05010aa072644f100d0e1e1fcc61d7eaa960923b8216272682e6c9a \
    --hash=sha256:2a6102f3b99c66e090a619f8a0204e6e95c01399854ffa09e4a9de476dc1671a \
    --hash=sha256:4e92f8b3bddf632c23d3a832f35e5a2c2326eb0e2ae1ebce419789cce63e5c30 \
    --hash=sha256:6bbf7defac9f71e0401305440f7e94160201789e03ee75e6e5709bc904742429 \
    --hash=sha256:8a78451926905459f42e827c207d80e1601abf68eaf0e38fd65ddd3c346d1f47 \
    --hash=sha256:b94c57922816eb025d443f4594f1235d80f0f56b4b48aa9b60bf9d679ea49415 \
    --hash=sha256:bd72bdff628d6c32c71f086e488f483abbf84816b05d439964d980af49f2a9c5 \
    --hash=sha256:e37ef5116d41ba90b1c9d1d7121846671fd65c271f0c15ef24208353fa79b283
    # via -r requirements.in
numcodecs==0.15.1 \
    --hash=sha256:1d471a1829ce52d3f365053a2bd1379e32e369517557c4027ddf5ac0d99c591e \
    --hash=sha256:1dfdea4a67108205edfce99c1cb6cd621343bc7abb7e16a041c966776920e7de \
    --hash=sha256:698f1d59511488b8fe215fadc1e679a4c70d894de2cca6d8bf2ab770eed34dfd \
    --hash=sha256:a34f0fe5e5f3b837bbedbeb98794a6d4a12eeeef8d4697b523905837900b5e1c \
    --hash=sha256:a4f7bdb26f1b34423cb56d48e75821223be38040907c9b5954eeb7463e7eb03c \
    --hash=sha256:b0a9d9cd29a0088220682dda4a9898321f7813ff7802be2bbb545f6e3d2f10ff \
    --hash=sha256:bef8c8e64fab76677324a07672b10c31861775d03fc63ed5012ca384144e4bb9 \
    --hash=sha256:c3a09e22140f2c691f7df26303ff8fa2dadcf26d7d0828398c0bc09b69e5efa3 \
    --hash=sha256:cdfaef9f5f2ed8f65858db801f1953f1007c9613ee490a1c56233cd78b505ed5 \
    --hash=sha256:daed6066ffcf40082da847d318b5ab6123d69ceb433ba603cb87c323a541a8bc \
    --hash=sha256:e2547fa3a7ffc9399cfd2936aecb620a3db285f2630c86c8a678e477741a4b3c \
    --hash=sha256:e3d82b70500cf61e8d115faa0d0a76be6ecdc24a16477ee3279d711699ad85f3 \
    --hash=sha256:eeed77e4d6636641a2cc605fbc6078c7a8f2cc40f3dfa2b3f61e52e6091b04ff
    # via
    #   -r requirements.in
    #   zarr
numpy==1.26.4 \
    --hash=sha256:03a8c78d01d9781b28a6989f6fa1bb2c4f2d51201cf99d3dd875df6fbd96b23b \
    --hash=sha256:08beddf13648eb95f8d867350f6a018a4be2e5ad54c8d8caed89ebca558b2818 \
    --hash=sha256:1af303d6b2210eb850fcf03064d364652b7120803a0b872f5211f5234b399f20 \
    --hash=sha256:1dda2e7b4ec9dd512f84935c5f126c8bd8b9f2fc001e9f54af255e8c5f16b0e0 \
    --hash=sha256:2a02aba9ed12e4ac4eb3ea9421c420301a0c6460d9830d74a9df87efa4912010 \
    --hash=sha256:2e4ee3380d6de9c9ec04745830fd9e2eccb3e6cf790d39d7b98ffd19b0dd754a \
    --hash=sha256:3373d5d70a5fe74a2c1bb6d2cfd9609ecf686d47a2d7b1d37a8f3b6bf6003aea \
    --hash=sha256:47711010ad8555514b434df65f7d7b076bb8261df1ca9bb78f53d3b2db02e95c \
    --hash=sha256:4c66707fabe114439db9068ee468c26bbdf909cac0fb58686a42a24de1760c71 \
    --hash=sha256:50193e430acfc1346175fcbdaa28ffec49947a06918b7b92130744e81e640110 \
    --hash=sha256:52b8b60467cd7dd1e9ed082188b4e6bb35aa5cdd01777621a1658910745b90be \
    --hash=sha256:60dedbb91afcbfdc9bc0b1f3f402804070deed7392c23eb7a7f07fa857868e8a \
    --hash=sha256:62b8e4b1e28009ef2846b4c7852046736bab361f7aeadeb6a5b89ebec3c7055a \
    --hash=sha256:666dbfb6ec68962c033a450943ded891bed2d54e6755e35e5835d63f4f6931d5 \
    --hash=sha256:675d61ffbfa78604709862923189bad94014bef562cc35cf61d3a07bba02a7ed \
    --hash=sha256:679b0076f67ecc0138fd2ede3a8fd196dddc2ad3254069bcb9faf9a79b1cebcd \
    --hash=sha256:7349ab0fa0c429c82442a27a9673fc802ffdb7c7775fad780226cb234965e53c \
    --hash=sha256:7ab55401287bfec946ced39700c053796e7cc0e3acbef09993a9ad2adba6ca6e \
    --hash=sha256:7e50d0a0cc3189f9cb0aeb3a6a6af18c16f59f004b866cd2be1c14b36134a4a0 \
    --hash=sha256:95a7476c59002f2f6c590b9b7b998306fba6a5aa646b1e22ddfeaf8f78c3a29c \
    --hash=sha256:96ff0b2ad353d8f990b63294c8986f1ec3cb19d749234014f4e7eb0112ceba5a \
    --hash=sha256:9fad7dcb1aac3c7f0584a5a8133e3a43eeb2fe127f47e3632d43d677c66c102b \
    --hash=sha256:9ff0f4f29c51e2803569d7a51c2304de5554655a60c5d776e35b4a41413830d0 \
    --hash=sha256:a354325ee03388678242a4d7ebcd08b5c727033fcff3b2f536aea978e15ee9e6 \
    --hash=sha256:a4abb4f9001ad2858e7ac189089c42178fcce737e4169dc61321660f1a96c7d2 \
    --hash=sha256:ab47dbe5cc8210f55aa58e4805fe224dac469cde56b9f731a4c098b91917159a \
    --hash=sha256:afedb719a9dcfc7eaf2287b839d8198e06dcd4cb5d276a3df279231138e83d30 \
    --hash=sha256:b3ce300f3644fb06443ee2222c2201dd3a89ea6040541412b8fa189341847218 \
    --hash=sha256:b97fe8060236edf3662adfc2c633f56a08ae30560c56310562cb4f95500022d5 \
    --hash=sha256:bfe25acf8b437eb2a8b2d49d443800a5f18508cd811fea3181723922a8a82b07 \
    --hash=sha256:cd25bcecc4974d09257ffcd1f098ee778f7834c3ad767fe5db785be9a4aa9cb2 \
    --hash=sha256:d209d8969599b27ad20994c8e41936ee0964e6da07478d6c35016bc386b66ad4 \
    --hash=sha256:d5241e0a80d808d70546c697135da2c613f30e28251ff8307eb72ba696945764 \
    --hash=sha256:edd8b5fe47dab091176d21bb6de568acdd906d1887a4584a15a9a96a1dca06ef \
    --hash=sha256:f870204a840a60da0b12273ef34f7051e98c3b5961b61b0c2c1be6dfd64fbcd3 \
    --hash=sha256:ffa75af20b44f8dba823498024771d5ac50620e6915abac414251bd971b4529f
    # via
    #   -r requirements.in
    #   imagecodecs
    #   numcodecs
    #   scipy
    #   tifffile
    #   zarr
scipy==1.12.0 \
    --hash=sha256:196ebad3a4882081f62a5bf4aeb7326aa34b110e533aab23e4374fcccb0890dc \
    --hash=sha256:408c68423f9de16cb9e602528be4ce0d6312b05001f3de61fe9ec8b1263cad08 \
    --hash=sha256:4bf5abab8a36d20193c698b0f1fc282c1d083c94723902c447e5d2f1780936a3 \
    --hash=sha256:4c1020cad92772bf44b8e4cdabc1df5d87376cb219742549ef69fc9fd86282dd \
    --hash=sha256:5adfad5dbf0163397beb4aca679187d24aec085343755fcdbdeb32b3679f254c \
    --hash=sha256:5e32847e08da8d895ce09d108a494d9eb78974cf6de23063f93306a3e419960c \
    --hash=sha256:6546dc2c11a9df6926afcbdd8a3edec28566e4e785b915e849348c6dd9f3f490 \
    --hash=sha256:730badef9b827b368f351eacae2e82da414e13cf8bd5051b4bdfd720271a5371 \
    --hash=sha256:75ea2a144096b5e39402e2ff53a36fecfd3b960d786b7efd3c180e29c39e53f2 \
    --hash=sha256:78e4402e140879387187f7f25d91cc592b3501a2e51dfb320f48dfb73565f10b \
    --hash=sha256:8b8066bce124ee5531d12a74b617d9ac0ea59245246410e19bca549656d9a40a \
    --hash=sha256:8bee4993817e204d761dba10dbab0774ba5a8612e57e81319ea04d84945375ba \
    --hash=sha256:913d6e7956c3a671de3b05ccb66b11bc293f56bfdef040583a7221d9e22a2e35 \
    --hash=sha256:95e5c750d55cf518c398a8240571b0e0782c2d5a703250872f36eaf737751338 \
    --hash=sha256:9c39f92041f490422924dfdb782527a4abddf4707616e07b021de33467f917bc \
    --hash=sha256:a24024d45ce9a675c1fb8494e8e5244efea1c7a09c60beb1eeb80373d0fecc70 \
    --hash=sha256:a7ebda398f86e56178c2fa94cad15bf457a218a54a35c2a7b4490b9f9cb2676c \
    --hash=sha256:b360f1b6b2f742781299514e99ff560d1fe9bd1bff2712894b52abe528d1fd1e \
    --hash=sha256:bba1b0c7256ad75401c73e4b3cf09d1f176e9bd4248f0d3112170fb2ec4db067 \
    --hash=sha256:c3003652496f6e7c387b1cf63f4bb720951cfa18907e998ea551e6de51a04467 \
    --hash=sha256:e53958531a7c695ff66c2e7bb7b79560ffdc562e2051644c5576c39ff8efb563 \
    --hash=sha256:e646d8571804a304e1da01040d21577685ce8e2db08ac58e543eaca063453e1c \
    --hash=sha256:e7e76cc48638228212c747ada851ef355c2bb5e7f939e10952bc504c11f4e372 \
    --hash=sha256:f5f00ebaf8de24d14b8449981a2842d404152774c1a1d880c901bf454cb8e2a1 \
    --hash=sha256:f7ce148dffcd64ade37b2df9315541f9adad6efcaa86866ee7dd5db0c8f041c3
    # via -r requirements.in
tifffile==2026.3.3 \
    --hash=sha256:d9a1266bed6f2ee1dd0abde2018a38b4f8b2935cb843df381d70ac4eac5458b7 \
    --hash=sha256:e8be15c94273113d31ecb7aa3a39822189dd11c4967e3cc88c178f1ad2fd1170
    # via -r requirements.in
wrapt==2.5.0 \
    --hash=sha256:05246a100da68259af521b88788f131ba005465f1c95d358cc3c03ec5e351b52 \
    --hash=sha256:05b7a271e21598694dcb7a6d6224f04e80ecc24b00a31ec57c658196377b0b29 \
    --hash=sha256:0810e060e58f7960405172ad21080df8e7335841c9fe97417bd7d3f05af24f90 \
    --hash=sha256:0a7a369e7fca9fc8c2c50df634382009b09af416853da3d4515e4bb048a5b9ee \
    --hash=sha256:0cabb9c17ab79b2549d1f23b36f436473ad9253ef53995a817feba26fae69d5b \
    --hash=sha256:0d245ac03f5ae77f1eea6eb19edd9e778c2f772490c20496c2f1cd3a102ee1b6 \
    --hash=sha256:0dfc38cb672af51fc29696ba9c6f05d2315f5e62c4af2564e50f07f81198a163 \
    --hash=sha256:0ea62bc142f4fa8b2e0ab058f50699ccd679ef6199c8fa3cc1c2396c7a659000 \
    --hash=sha256:107eea1a511e98a3a5033b0c2cb403fbb37f05dee6ac1fb85c0460d311ec278c \
    --hash=sha256:1122f4f9e363da804ccba05a9f0f39baa3716eb82452c929258bc3f1420c899b \
    --hash=sha256:148052fc55013930217f531c6978e918ab210a12bd73cc9bd6de661a7adaf620 \
    --hash=sha256:181a45000506a6382eb337354ca7e8525690702f1ccf2eae4f23a210ff339543 \
    --hash=sha256:18baaf966bdc22dbdbe6e4323da8c17c0b7e8ea941dccf5426e741ae398953d9 \
    --hash=sha256:1a3c4035d2026b87ef23dd8d165f1f8d3853ee2bd02791cfd22bd8c6226c41ce \
    --hash=sha256:1b35ef7379323a149a6398f6261248bf48b61666210bd69e2ab24a9a9afdedc0 \
    --hash=sha256:1ccd22ef8690ca302425f26d4c3e8b24f1284d4351d20e49ce21f9c0dd58d64d \
    --hash=sha256:1d4da5f0e9a719471502b0db80d5c97503aeca796b7aeb9ab8f47403b2be76e6 \
    --hash=sha256:1ebc0d09906057ada57a32158a657364ca40b8f86e604da3e7d979069b601502 \
    --hash=sha256:1f17c5a3836397bf59fd57b0e5b0dc42969b1daa70d31aa361c6e13cbf138b5a \
    --hash=sha256:1ffb2823c95dbeb8a47fedfba9636b2afeb0a8ef94b66df97bd081bdfe5a263f \
    --hash=sha256:21cfe343ef9c2deb865ad0d5c57822266447c88dcf6d8805dd8c363fe367f30c \
    --hash=sha256:23a9d6cb6413359b76f030d6bbb75340b7669c69da245dde2919a4c93708993b \
    --hash=sha256:2ac82ef59ee05e259902bc7cf73dee5e6397845e8ccdc376d9d25536b59a877c \
    --hash=sha256:2e3d110d7f99644946f249927c346d9dba507a78815d1bcebdbf0d94c14c5649 \
    --hash=sha256:2fd8a61c31220840c7f52621cf51c961af5058bd009a55bcdf4a6732bdb13b35 \
    --hash=sha256:30cf86d1e35a57e772e4709a137c1731751255439368a41b1a2519561e385f4e \
    --hash=sha256:36703cafc2ec059e118c2175e6cb7ad7299c2924aecdcb1b7a7ebbf7a3e20c19 \
    --hash=sha256:3f5dfb867d3f58fde0d850a302f1164bb83f4a922b037882bcc7e0474aa8312f \
    --hash=sha256:425349a99b8c9540399d36620c376dc26e6aca93071cd6fafa239c2f1b5d53a4 \
    --hash=sha256:4343880acd72e74233baf092285aaaf4306244e31d7601828bd2600316027df0 \
    --hash=sha256:439523506fd0d9af4f76d75f2e46aa4979e164fecba6890859326ff06edbaf9c \
    --hash=sha256:47abb2bb7f15b416e72fbe5e68e49a6f09331dae6af1ca6055f5aa2251d2bd2f \
    --hash=sha256:513dd1f4a1f91030d5656d9f4b3af8aa490d4db1eb53481e6846b8a5ee7acfcd \
    --hash=sha256:5375ff1d2159e2ef847449e3dd2329441423d0a3d895d123273a67095fe7ca0c \
    --hash=sha256:5421acb5c363a9bc959122a8645e3f1f42010c932dc53885b11a5ff5b5a6d730 \
    --hash=sha256:557ebf4ce5568588368675014a2540405db687c2e4c7ad1eb83aa7e857be1864 \
    --hash=sha256:57fa1a3fd1279b3ca7655b943ad61d298f2a2464a4cdca7ff298058e408322f9 \
    --hash=sha256:58b2a87c65cbfb20917ec48ace47f71b1962c1f81dbf18a4052e3037abf72028 \
    --hash=sha256:5df50c6133a63071fb77a0a091ceae36e78467b728d65e711ded02510edd9855 \
    --hash=sha256:6058e12e9caa33468f9a36fb88c15a4bb30a479f997b37834b83abdbf062f264 \
    --hash=sha256:6119e5d5bda268171af1f68ab5e7544c618f02a9bdc7c3929a458b719b88cd03 \
    --hash=sha256:61253431e5a6f0eaeae71e2a101753fbaf4360b3e4dd8e118177d565ae119d40 \
    --hash=sha256:6269637d9a54990430b4a769df15833935a46c4d004d9fe8a153bbadf0b9a097 \
    --hash=sha256:63e58f96849f622ce769dcd705f83c7445cd9829bce1dae00e78bb031aec8096 \
    --hash=sha256:65f2ee406dc592a5b22a7dc6abac13e8a3e8de4b2ecf5dc3c22937865496e4b6 \
    --hash=sha256:672dd1bab4256311db1520b1b50e7a10cbaeaae2b0ac6bc5d858cc387ee605a2 \
    --hash=sha256:6761765cc520ff9616fb035c02a85d1d744f7f70edd4649718fd0d09c589eacf \
    --hash=sha256:691671ea05684f921ffc2e935fd3f9311c1795a10fbbfa006b46269733668f66 \
    --hash=sha256:6a31cc61ad1be4091f5b094c91d53d206609928af13b7b24573cb857a3bc07fc \
    --hash=sha256:6a9ee62a970075738909909bdbef3a7da9f7ae03dfca584db283547a29503b56 \
    --hash=sha256:7138b0e7990e5555a905c519e8dad17c1da1f20e08b283e202c414229065740f \
    --hash=sha256:734ea79e4707751fb7cc4f716123b2115cd16ed0c4926e803540aece22e3ba67 \
    --hash=sha256:76fb341d5a707a4f211631b8c77259b2df149147e9d9c245ae6ba3dd936bfdfb \
    --hash=sha256:77f0a74ff6f6cf89f5b673a732d5afe1911a6e6b1c017260836fdfdf85518dc1 \
    --hash=sha256:78b7bdaa8b27b7f7607c66bdb6ab15c1dcbd9e9a1556a253a347dad511f615d1 \
    --hash=sha256:79e68f0fd7d381b9bbd71776f602a2d5440d4d2077459128e02fd6607465422c \
    --hash=sha256:7e25e9697f60af41fb86b08697e470b1e7eb6cd6ac0eb25e4b1f519839adc271 \
    --hash=sha256:7e2af7ff9553c492f684a41d903ec41e37bf6267ee3206c17518a349201cae46 \
    --hash=sha256:8837fbe708cb9d8a2d32a37dee836d24a531f02560db26418e2b181986fa21cb \
    --hash=sha256:88bb24b9fdccb1d805258d5648533206eb58c58b6554985c47db53a89c11be85 \
    --hash=sha256:94ebe745d1b0ebd3af91e22c38961616d32a228bdf9c326e7d4a6007a623d48e \
    --hash=sha256:99f8ea48f14a71c5e2df8763e9a490e8af63096dcd67755b7bab0a4b74fc7cd7 \
    --hash=sha256:a039b009693b58f7e0cf6121851218c2227223e7601cc24ed4957ba0990fd25b \
    --hash=sha256:a10e9af5d4c5977d2d93e75d1662d076a8e8bf8c499dac7be4e78ebd8e0b59af \
    --hash=sha256:a145a7826eddea3eb5814903f98f93756042b919bb5305544cb1331daa2705b1 \
    --hash=sha256:a346408f19b6d589bf029f25f65c0b4cdeed6302ef8f40da4e5d1552d22dc037 \
    --hash=sha256:a45a5249a6965d91aac9f991fda7c17e6b8b41fe91592a6099f182bf53c82724 \
    --hash=sha256:a5bb346a34499e091e4fa23df58251ad192173c088e5413d893ca1c730c133c7 \
    --hash=sha256:aae2f5f4c77335a39ebe5a1c77d5519f6cefefc7dbff50bd551e3771d927e3fc \
    --hash=sha256:ab45839c912777e2738fed369636589c8b2a6d9c44ca56de0fd0814581d467c2 \
    --hash=sha256:b312b3cc87951faaed3cfef984d768ee8bee7f935d9cc929aaa9946b0b96a98c \
    --hash=sha256:b58138d19f34e32833e62de5e910bc2a8baae43310b921d783bd39b15227c2dd \
    --hash=sha256:b620d7559b6b2197c5730332fab0867ecf1c8cb74d45533ebbcbcad1eacf4616 \
    --hash=sha256:b640460f0ffb346b192686bd6fac5589e35a6c6640501c59a9fb6e82b0dd6bd8 \
    --hash=sha256:b898caea081303006decc562c7fca5126f7c96507e78dd8f1ae3285dfa50ddc7 \
    --hash=sha256:b95a6eca3b927853529eea958310563c83140ae8451dd5dc4399c7da385dc4f3 \
    --hash=sha256:bad63bb4dea3c58e8078a3a173259ac2df5442a437e49c632b4099c0250e803b \
    --hash=sha256:bc5607c1911c92530cb402ea90d818933cffb28bd8de9b453a2542279816d8c7 \
    --hash=sha256:bc6491d3008ecabf685b0746f03ad8241a0950336939b14addb03af39b51a316 \
    --hash=sha256:bcd42e7b69c8c1e33a29b79b28de03bdc08876a49745830f9162a3af860e06d0 \
    --hash=sha256:c3a78a3161b3a9bf07725822fd24d379c1f3f161b6db49166c4131096ea73b4c \
    --hash=sha256:c3dfb16e047c912e1a06bfbc45da752219f474897be85f55b8069f7936b08cc0 \
    --hash=sha256:c48cdb6c904dca76d9915a579e4a5fab6b0c25f650c1019ce78a78effaf7a345 \
    --hash=sha256:c57ddae24cf72eb6bd18112638a987cafe6109d90f2df111e6934362cc03ac1a \
    --hash=sha256:c932273bc43b068538f3874fa5e6c2a60f33fa0b11c1ebc7768652f6a0608943 \
    --hash=sha256:cbd45dfba6b5c1bfbabe1feb3c0f117fbd62416e98268d9a7cd9ad8802875356 \
    --hash=sha256:ce4cab32c37ef71e69cf88f909b7febd0dd79543e5ae3650e2b874e0f3d3b975 \
    --hash=sha256:d75d6366203c8d025c1a74bae0b565952187ddae79bd5c7bf10687652a56f020 \
    --hash=sha256:def66258d97ebf1e4e97def12c5daa542d1cc728a3da83ed3a43933f56df6dab \
    --hash=sha256:dfedf844892bf88f387cdeb9fa9bff1186904417c9f05087c99241bec24a65cc \
    --hash=sha256:e0345d4c1f7aa5a27075d28a7f0e9ed386729198045f1f08b47f8320d6bbda23 \
    --hash=sha256:e3c6fb1c1a516881353186bed9cfcb8899f968c03b3509720c79db0d967acf3b \
    --hash=sha256:e5d4885c5625c9d2dcb49458700851574e9d0ea046c7a265526e990282f8ae8e \
    --hash=sha256:e716f47c7f61e11709d3c0904213c94fc22999abf0c41461276cef886c1e8b4d \
    --hash=sha256:ea4fdc79c0045d6bb1603c109127145245cafe888588888444e1e37fbeadbac3 \
    --hash=sha256:f12e80c3089ebc03727d368f8205b811b5af2cd4a72b5e4cac75e901dd316e39 \
    --hash=sha256:f42239c89430eee2d8a6dec39e34677abdbb67fff63caf2467dd6124ea4d4d58 \
    --hash=sha256:f4ef4935962f7029b2058a99f1a47ccbffc3be919dddb3becb6c2c48eac3d9f0 \
    --hash=sha256:fd91203e156d610ecb28b9ccd7b764af7a7b38662d7c163090babab0d10def0c \
    --hash=sha256:fe09aac4837ec720af606a493e814dcc3f65631984e1b7231b589efcf9917024 \
    --hash=sha256:ff909b934b1958e31784d412abab5cbb0709fdbc01c86f22965e1d15331371ba
    # via deprecated
zarr==2.18.7 \
    --hash=sha256:ac3dc4033e9ae4e9d7b5e27c97ea3eaf1003cc0a07f010bd83d5134bf8c4b223 \
    --hash=sha256:b2b8f66f14dac4af66b180d2338819981b981f70e196c9a66e6bfaa9e59572f5
    # via -r requirements.in
